# This file was autogenerated by Stack.
# You should not edit this file by hand.
# For more information, please see the documentation at:
#   https://docs.haskellstack.org/en/stable/lock_files

packages:
- completed:
    hackage: cmark-gfm-0.2.1@sha256:f49c10f6f1f8f41cb5d47e69ad6593dc45d2b28a083bbe22926d9f5bebf479b5,5191
    pantry-tree:
      size: 4555
      sha256: 309d25e57e2c6d43834accc1f3a0f79150b9646f412957488d100e9cf7c37100
  original:
    hackage: cmark-gfm-0.2.1@sha256:f49c10f6f1f8f41cb5d47e69ad6593dc45d2b28a083bbe22926d9f5bebf479b5,5191
- completed:
    hackage: doclayout-0.2.0.1@sha256:0410e40c4fa8e299b4f5fa03d378111b9d0effdf59134c95882a160637887ba8,2063
    pantry-tree:
      size: 424
      sha256: d43cc75d1a016cb5c5029ec1e00306192631a344f1453c2c0f25e9370452a8b4
  original:
    hackage: doclayout-0.2.0.1@sha256:0410e40c4fa8e299b4f5fa03d378111b9d0effdf59134c95882a160637887ba8,2063
- completed:
    hackage: doctemplates-0.7.2@sha256:e9a3a2182446f6f4548096d1349088144c349c504675660ab30e432af3136bda,3113
    pantry-tree:
      size: 2307
      sha256: fa39b55790d245ed3c1c7f5a9face53d644a4c07ce2409205709a700f90f8ef0
  original:
    hackage: doctemplates-0.7.2@sha256:e9a3a2182446f6f4548096d1349088144c349c504675660ab30e432af3136bda,3113
- completed:
    hackage: haddock-library-1.8.0@sha256:9dece2cbca827755fdfc30af5a407b0ca30cf29ec1ee85215b38fd8fc23e7421,3723
    pantry-tree:
      size: 3397
      sha256: fc39bb0c9a8614c5068e5b8139c0d2ff6883d0fa409c99b005dd6fcff4c90406
  original:
    hackage: haddock-library-1.8.0@sha256:9dece2cbca827755fdfc30af5a407b0ca30cf29ec1ee85215b38fd8fc23e7421,3723
- completed:
    hackage: ipynb-0.1@sha256:5b5240a9793781da557f82891d49cea63d71c8c5d3500fa3eac9fd702046b520,1926
    pantry-tree:
      size: 812
      sha256: df171745ba4d6625eb71167a37237776cd10929994b05578b040592e2d5d5579
  original:
    hackage: ipynb-0.1@sha256:5b5240a9793781da557f82891d49cea63d71c8c5d3500fa3eac9fd702046b520,1926
- completed:
    hackage: pandoc-2.8.0.1@sha256:96a3be7666297aaf7dd71a3c57da8fd42822b26d2e09cdb73c7da2e0129a0d82,35558
    pantry-tree:
      size: 85490
      sha256: 277b761f032e4a79984dcc110c56ff7cb5c2895faf5b1fda5e4b87fafaf1638e
  original:
    hackage: pandoc-2.8.0.1@sha256:96a3be7666297aaf7dd71a3c57da8fd42822b26d2e09cdb73c7da2e0129a0d82,35558
- completed:
    hackage: pandoc-types-1.20@sha256:8393b1a73b8a6a1f3feaeb3a6592c176461082c3e4d897f1b316b1a58dd84c39,3999
    pantry-tree:
      size: 855
      sha256: cdaa66d381a21406434e7a733c9b9291a3bc44b623e7a9f97ef335283770f3fa
  original:
    hackage: pandoc-types-1.20@sha256:8393b1a73b8a6a1f3feaeb3a6592c176461082c3e4d897f1b316b1a58dd84c39,3999
- completed:
    hackage: texmath-0.12@sha256:148a7cf41aaba411a3a7b8e6995bcf7a29fc499af64b2320eb573fbd1c15d209,6565
    pantry-tree:
      size: 273835
      sha256: b2d6e699481f7b7aa784ca357b9dc28d0724bed46ab6a64a37250467341cd69f
  original:
    hackage: texmath-0.12@sha256:148a7cf41aaba411a3a7b8e6995bcf7a29fc499af64b2320eb573fbd1c15d209
snapshots:
- completed:
    size: 434661
    url: https://raw.githubusercontent.com/commercialhaskell/stackage-snapshots/master/nightly/2019/11/29.yaml
    sha256: 9edba401b588c0b8359262043b51f0bd33e2334802f0a1467eb660a23601eaf6
  original: nightly-2019-11-29
